
Microsoft Visual Studio Solution File, Format Version 12.00
# Visual Studio Version 16
VisualStudioVersion = 16.0.30709.132
MinimumVisualStudioVersion = 10.0.40219.1
Project("{2150E333-8FDC-42A3-9474-1A3956D46DE8}") = "src", "src", "{FC83A40F-01E2-40B5-851E-A11DBCF66A61}"
EndProject
Project("{2150E333-8FDC-42A3-9474-1A3956D46DE8}") = "resources", "resources", "{E29E3D11-F4A9-44F8-A73E-626073464153}"
EndProject
Project("{9A19103F-16F7-4668-BE54-9A1E7A4F7556}") = "EDT.EMall.Product.API", "EDT.EMall.Product.API\EDT.EMall.Product.API.csproj", "{A10372B3-F890-4517-85FB-94607BE44D59}"
EndProject
Project("{9A19103F-16F7-4668-BE54-9A1E7A4F7556}") = "EDT.EMall.Cart.API", "EDT.EMall.Cart.API\EDT.EMall.Cart.API.csproj", "{992EA364-1437-488D-A25E-CF600654D3BA}"
EndProject
Project("{9A19103F-16F7-4668-BE54-9A1E7A4F7556}") = "EDT.EMall.Order.API", "EDT.EMall.Order.API\EDT.EMall.Order.API.csproj", "{2FC7006D-577A-4C57-96B7-91E4477E37CF}"
EndProject
Project("{FAE04EC0-301F-11D3-BF4B-00C04F79EFBC}") = "NHibernate.DAL", "src\NHibernate.DAL\NHibernate.DAL.csproj", "{5424A999-66F8-46F3-873C-CEC846B7EC94}"
EndProject
Project("{FAE04EC0-301F-11D3-BF4B-00C04F79EFBC}") = "TestProject1", "src\TestProject1\TestProject1.csproj", "{EF70AED6-88CC-43E2-9530-614FAE400A2D}"
EndProject
Project("{FAE04EC0-301F-11D3-BF4B-00C04F79EFBC}") = "ORMapping", "src\ORMapping\ORMapping.csproj", "{1F36DF19-6658-4FCE-A675-19CB0F78E26E}"
EndProject
Global
	GlobalSection(SolutionConfigurationPlatforms) = preSolution
		Debug|Any CPU = Debug|Any CPU
		Release|Any CPU = Release|Any CPU
	EndGlobalSection
	GlobalSection(ProjectConfigurationPlatforms) = postSolution
		{A10372B3-F890-4517-85FB-94607BE44D59}.Debug|Any CPU.ActiveCfg = Debug|Any CPU
		{A10372B3-F890-4517-85FB-94607BE44D59}.Debug|Any CPU.Build.0 = Debug|Any CPU
		{A10372B3-F890-4517-85FB-94607BE44D59}.Release|Any CPU.ActiveCfg = Release|Any CPU
		{A10372B3-F890-4517-85FB-94607BE44D59}.Release|Any CPU.Build.0 = Release|Any CPU
		{992EA364-1437-488D-A25E-CF600654D3BA}.Debug|Any CPU.ActiveCfg = Debug|Any CPU
		{992EA364-1437-488D-A25E-CF600654D3BA}.Debug|Any CPU.Build.0 = Debug|Any CPU
		{992EA364-1437-488D-A25E-CF600654D3BA}.Release|Any CPU.ActiveCfg = Release|Any CPU
		{992EA364-1437-488D-A25E-CF600654D3BA}.Release|Any CPU.Build.0 = Release|Any CPU
		{2FC7006D-577A-4C57-96B7-91E4477E37CF}.Debug|Any CPU.ActiveCfg = Debug|Any CPU
		{2FC7006D-577A-4C57-96B7-91E4477E37CF}.Debug|Any CPU.Build.0 = Debug|Any CPU
		{2FC7006D-577A-4C57-96B7-91E4477E37CF}.Release|Any CPU.ActiveCfg = Release|Any CPU
		{2FC7006D-577A-4C57-96B7-91E4477E37CF}.Release|Any CPU.Build.0 = Release|Any CPU
		{5424A999-66F8-46F3-873C-CEC846B7EC94}.Debug|Any CPU.ActiveCfg = Debug|Any CPU
		{5424A999-66F8-46F3-873C-CEC846B7EC94}.Debug|Any CPU.Build.0 = Debug|Any CPU
		{5424A999-66F8-46F3-873C-CEC846B7EC94}.Release|Any CPU.ActiveCfg = Release|Any CPU
		{5424A999-66F8-46F3-873C-CEC846B7EC94}.Release|Any CPU.Build.0 = Release|Any CPU
		{EF70AED6-88CC-43E2-9530-614FAE400A2D}.Debug|Any CPU.ActiveCfg = Debug|Any CPU
		{EF70AED6-88CC-43E2-9530-614FAE400A2D}.Debug|Any CPU.Build.0 = Debug|Any CPU
		{EF70AED6-88CC-43E2-9530-614FAE400A2D}.Release|Any CPU.ActiveCfg = Release|Any CPU
		{EF70AED6-88CC-43E2-9530-614FAE400A2D}.Release|Any CPU.Build.0 = Release|Any CPU
		{1F36DF19-6658-4FCE-A675-19CB0F78E26E}.Debug|Any CPU.ActiveCfg = Debug|Any CPU
		{1F36DF19-6658-4FCE-A675-19CB0F78E26E}.Debug|Any CPU.Build.0 = Debug|Any CPU
		{1F36DF19-6658-4FCE-A675-19CB0F78E26E}.Release|Any CPU.ActiveCfg = Release|Any CPU
		{1F36DF19-6658-4FCE-A675-19CB0F78E26E}.Release|Any CPU.Build.0 = Release|Any CPU
	EndGlobalSection
	GlobalSection(SolutionProperties) = preSolution
		HideSolutionNode = FALSE
	EndGlobalSection
	GlobalSection(NestedProjects) = preSolution
		{A10372B3-F890-4517-85FB-94607BE44D59} = {FC83A40F-01E2-40B5-851E-A11DBCF66A61}
		{992EA364-1437-488D-A25E-CF600654D3BA} = {FC83A40F-01E2-40B5-851E-A11DBCF66A61}
		{2FC7006D-577A-4C57-96B7-91E4477E37CF} = {FC83A40F-01E2-40B5-851E-A11DBCF66A61}
		{5424A999-66F8-46F3-873C-CEC846B7EC94} = {FC83A40F-01E2-40B5-851E-A11DBCF66A61}
		{EF70AED6-88CC-43E2-9530-614FAE400A2D} = {FC83A40F-01E2-40B5-851E-A11DBCF66A61}
		{1F36DF19-6658-4FCE-A675-19CB0F78E26E} = {FC83A40F-01E2-40B5-851E-A11DBCF66A61}
	EndGlobalSection
	GlobalSection(ExtensibilityGlobals) = postSolution
		SolutionGuid = {4ABF4E07-C095-4D56-A375-9738F82A8939}
	EndGlobalSection
EndGlobal
